
Microsoft Visual Studio Solution File, Format Version 12.00
# Visual Studio Version 17
VisualStudioVersion = 17.5.33414.496
MinimumVisualStudioVersion = 10.0.40219.1
Project("{FAE04EC0-301F-11D3-BF4B-00C04F79EFBC}") = "URLShortWF", "URLShortWF\URLShortWF.csproj", "{48EB7DB3-B232-4D4D-9E33-4AA50C8F803D}"
EndProject
Global
	GlobalSection(SolutionConfigurationPlatforms) = preSolution
		Debug|Any CPU = Debug|Any CPU
		Release|Any CPU = Release|Any CPU
	EndGlobalSection
	GlobalSection(ProjectConfigurationPlatforms) = postSolution
		{48EB7DB3-B232-4D4D-9E33-4AA50C8F803D}.Debug|Any CPU.ActiveCfg = Debug|Any CPU
		{48EB7DB3-B232-4D4D-9E33-4AA50C8F803D}.Debug|Any CPU.Build.0 = Debug|Any CPU
		{48EB7DB3-B232-4D4D-9E33-4AA50C8F803D}.Release|Any CPU.ActiveCfg = Release|Any CPU
		{48EB7DB3-B232-4D4D-9E33-4AA50C8F803D}.Release|Any CPU.Build.0 = Release|Any CPU
	EndGlobalSection
	GlobalSection(SolutionProperties) = preSolution
		HideSolutionNode = FALSE
	EndGlobalSection
	GlobalSection(ExtensibilityGlobals) = postSolution
		SolutionGuid = {74F2E391-0845-4E56-984F-949292032472}
	EndGlobalSection
EndGlobal
